
Microsoft Visual Studio Solution File, Format Version 12.00
# Visual Studio Version 17
VisualStudioVersion = 17.14.36202.13 d17.14
MinimumVisualStudioVersion = 10.0.40219.1
Project("{FAE04EC0-301F-11D3-BF4B-00C04F79EFBC}") = "dotArgon2", "dotArgon2.csproj", "{58945E14-B80D-4B61-94F7-8D23F5436956}"
EndProject
Project("{FAE04EC0-301F-11D3-BF4B-00C04F79EFBC}") = "Argon2Tests", "..\Argon2Tests\Argon2Tests.csproj", "{DF850707-F081-4012-9E2D-57A73B2845AB}"
EndProject
Global
	GlobalSection(SolutionConfigurationPlatforms) = preSolution
		Debug|Any CPU = Debug|Any CPU
		Release|Any CPU = Release|Any CPU
	EndGlobalSection
	GlobalSection(ProjectConfigurationPlatforms) = postSolution
		{58945E14-B80D-4B61-94F7-8D23F5436956}.Debug|Any CPU.ActiveCfg = Debug|Any CPU
		{58945E14-B80D-4B61-94F7-8D23F5436956}.Debug|Any CPU.Build.0 = Debug|Any CPU
		{58945E14-B80D-4B61-94F7-8D23F5436956}.Release|Any CPU.ActiveCfg = Release|Any CPU
		{58945E14-B80D-4B61-94F7-8D23F5436956}.Release|Any CPU.Build.0 = Release|Any CPU
		{DF850707-F081-4012-9E2D-57A73B2845AB}.Debug|Any CPU.ActiveCfg = Debug|Any CPU
		{DF850707-F081-4012-9E2D-57A73B2845AB}.Debug|Any CPU.Build.0 = Debug|Any CPU
		{DF850707-F081-4012-9E2D-57A73B2845AB}.Release|Any CPU.ActiveCfg = Release|Any CPU
		{DF850707-F081-4012-9E2D-57A73B2845AB}.Release|Any CPU.Build.0 = Release|Any CPU
	EndGlobalSection
	GlobalSection(SolutionProperties) = preSolution
		HideSolutionNode = FALSE
	EndGlobalSection
	GlobalSection(ExtensibilityGlobals) = postSolution
		SolutionGuid = {888B2D34-8006-44B3-BCBD-F9C2D2861101}
	EndGlobalSection
EndGlobal
